
Microsoft Visual Studio Solution File, Format Version 12.00
# Visual Studio Version 17
VisualStudioVersion = 17.4.33403.182
MinimumVisualStudioVersion = 10.0.40219.1
Project("{FAE04EC0-301F-11D3-BF4B-00C04F79EFBC}") = "Kapsulleme", "Kapsulleme\Kapsulleme.csproj", "{2E0C9274-1401-4006-930C-F20C694B476B}"
EndProject
Global
	GlobalSection(SolutionConfigurationPlatforms) = preSolution
		Debug|Any CPU = Debug|Any CPU
		Release|Any CPU = Release|Any CPU
	EndGlobalSection
	GlobalSection(ProjectConfigurationPlatforms) = postSolution
		{2E0C9274-1401-4006-930C-F20C694B476B}.Debug|Any CPU.ActiveCfg = Debug|Any CPU
		{2E0C9274-1401-4006-930C-F20C694B476B}.Debug|Any CPU.Build.0 = Debug|Any CPU
		{2E0C9274-1401-4006-930C-F20C694B476B}.Release|Any CPU.ActiveCfg = Release|Any CPU
		{2E0C9274-1401-4006-930C-F20C694B476B}.Release|Any CPU.Build.0 = Release|Any CPU
	EndGlobalSection
	GlobalSection(SolutionProperties) = preSolution
		HideSolutionNode = FALSE
	EndGlobalSection
	GlobalSection(ExtensibilityGlobals) = postSolution
		SolutionGuid = {9EFD9462-7AF3-420B-BDE8-9D85C683B703}
	EndGlobalSection
EndGlobal
