
Microsoft Visual Studio Solution File, Format Version 12.00
# Visual Studio Version 17
VisualStudioVersion = 17.4.33403.182
MinimumVisualStudioVersion = 10.0.40219.1
Project("{FAE04EC0-301F-11D3-BF4B-00C04F79EFBC}") = "Polimorfizm3", "Polimorfizm3\Polimorfizm3.csproj", "{264C8328-AD1F-4606-ABB4-568F02582635}"
EndProject
Global
	GlobalSection(SolutionConfigurationPlatforms) = preSolution
		Debug|Any CPU = Debug|Any CPU
		Release|Any CPU = Release|Any CPU
	EndGlobalSection
	GlobalSection(ProjectConfigurationPlatforms) = postSolution
		{264C8328-AD1F-4606-ABB4-568F02582635}.Debug|Any CPU.ActiveCfg = Debug|Any CPU
		{264C8328-AD1F-4606-ABB4-568F02582635}.Debug|Any CPU.Build.0 = Debug|Any CPU
		{264C8328-AD1F-4606-ABB4-568F02582635}.Release|Any CPU.ActiveCfg = Release|Any CPU
		{264C8328-AD1F-4606-ABB4-568F02582635}.Release|Any CPU.Build.0 = Release|Any CPU
	EndGlobalSection
	GlobalSection(SolutionProperties) = preSolution
		HideSolutionNode = FALSE
	EndGlobalSection
	GlobalSection(ExtensibilityGlobals) = postSolution
		SolutionGuid = {B2EE7DAC-5D7B-4265-8766-3226C231107F}
	EndGlobalSection
EndGlobal
